
Microsoft Visual Studio Solution File, Format Version 12.00
# Visual Studio 15
VisualStudioVersion = 15.0.27130.2027
MinimumVisualStudioVersion = 10.0.40219.1
Project("{FAE04EC0-301F-11D3-BF4B-00C04F79EFBC}") = "Hobbyist", "FundamentalsReact\Hobbyist.csproj", "{46568218-CF11-431A-AE1D-50F1E2060DAE}"
EndProject
Project("{FAE04EC0-301F-11D3-BF4B-00C04F79EFBC}") = "Hobbyist.DbAccess", "Hobbyist.DbAccess\Hobbyist.DbAccess.csproj", "{4644A848-6579-4D38-894D-BD320955CD64}"
EndProject
Global
	GlobalSection(SolutionConfigurationPlatforms) = preSolution
		Debug|Any CPU = Debug|Any CPU
		Release|Any CPU = Release|Any CPU
	EndGlobalSection
	GlobalSection(ProjectConfigurationPlatforms) = postSolution
		{46568218-CF11-431A-AE1D-50F1E2060DAE}.Debug|Any CPU.ActiveCfg = Debug|Any CPU
		{46568218-CF11-431A-AE1D-50F1E2060DAE}.Debug|Any CPU.Build.0 = Debug|Any CPU
		{46568218-CF11-431A-AE1D-50F1E2060DAE}.Release|Any CPU.ActiveCfg = Release|Any CPU
		{46568218-CF11-431A-AE1D-50F1E2060DAE}.Release|Any CPU.Build.0 = Release|Any CPU
		{4644A848-6579-4D38-894D-BD320955CD64}.Debug|Any CPU.ActiveCfg = Debug|Any CPU
		{4644A848-6579-4D38-894D-BD320955CD64}.Debug|Any CPU.Build.0 = Debug|Any CPU
		{4644A848-6579-4D38-894D-BD320955CD64}.Release|Any CPU.ActiveCfg = Release|Any CPU
		{4644A848-6579-4D38-894D-BD320955CD64}.Release|Any CPU.Build.0 = Release|Any CPU
	EndGlobalSection
	GlobalSection(SolutionProperties) = preSolution
		HideSolutionNode = FALSE
	EndGlobalSection
	GlobalSection(ExtensibilityGlobals) = postSolution
		SolutionGuid = {FDED94BE-DCA8-480A-B767-0BA5490668BC}
	EndGlobalSection
EndGlobal
